
Microsoft Visual Studio Solution File, Format Version 11.00
# Visual Studio 2010
Project("{F184B08F-C81C-45F6-A57F-5ABD9991F28F}") = "TratamientoFicheros", "TratamientoFicheros\TratamientoFicheros.vbproj", "{2B77E429-15F8-415F-BE56-B5C35B03525A}"
EndProject
Global
	GlobalSection(SolutionConfigurationPlatforms) = preSolution
		Debug|x86 = Debug|x86
		Release|x86 = Release|x86
	EndGlobalSection
	GlobalSection(ProjectConfigurationPlatforms) = postSolution
		{2B77E429-15F8-415F-BE56-B5C35B03525A}.Debug|x86.ActiveCfg = Debug|x86
		{2B77E429-15F8-415F-BE56-B5C35B03525A}.Debug|x86.Build.0 = Debug|x86
		{2B77E429-15F8-415F-BE56-B5C35B03525A}.Release|x86.ActiveCfg = Release|x86
		{2B77E429-15F8-415F-BE56-B5C35B03525A}.Release|x86.Build.0 = Release|x86
	EndGlobalSection
	GlobalSection(SolutionProperties) = preSolution
		HideSolutionNode = FALSE
	EndGlobalSection
EndGlobal
